// !$*UTF8*$!
{
	archiveVersion = 1;
	classes = {
	};
	objectVersion = 48;
	objects = {

/* Begin PBXBuildFile section */
		DEED305C1FDB99D000BBF5C5 /* AppDelegate.swift in Sources */ = {isa = PBXBuildFile; fileRef = DEED305B1FDB99D000BBF5C5 /* AppDelegate.swift */; };
		DEED305E1FDB99D000BBF5C5 /* ViewController.swift in Sources */ = {isa = PBXBuildFile; fileRef = DEED305D1FDB99D000BBF5C5 /* ViewController.swift */; };
		DEED30611FDB99D000BBF5C5 /* Main.storyboard in Resources */ = {isa = PBXBuildFile; fileRef = DEED305F1FDB99D000BBF5C5 /* Main.storyboard */; };
		DEED30631FDB99D000BBF5C5 /* Assets.xcassets in Resources */ = {isa = PBXBuildFile; fileRef = DEED30621FDB99D000BBF5C5 /* Assets.xcassets */; };
		DEED30661FDB99D000BBF5C5 /* LaunchScreen.storyboard in Resources */ = {isa = PBXBuildFile; fileRef = DEED30641FDB99D000BBF5C5 /* LaunchScreen.storyboard */; };
		DEED306F1FDB9A4E00BBF5C5 /* PlayingCard.swift in Sources */ = {isa = PBXBuildFile; fileRef = DEED306E1FDB9A4E00BBF5C5 /* PlayingCard.swift */; };
		DEED30711FDB9EE700BBF5C5 /* PlayingCardDeck.swift in Sources */ = {isa = PBXBuildFile; fileRef = DEED30701FDB9EE700BBF5C5 /* PlayingCardDeck.swift */; };
/* End PBXBuildFile section */

/* Begin PBXFileReference section */
		DEED30581FDB99D000BBF5C5 /* PlayingCard.app */ = {isa = PBXFileReference; explicitFileType = wrapper.application; includeInIndex = 0; path = PlayingCard.app; sourceTree = BUILT_PRODUCTS_DIR; };
		DEED305B1FDB99D000BBF5C5 /* AppDelegate.swift */ = {isa = PBXFileReference; lastKnownFileType = sourcecode.swift; path = AppDelegate.swift; sourceTree = "<group>"; };
		DEED305D1FDB99D000BBF5C5 /* ViewController.swift */ = {isa = PBXFileReference; lastKnownFileType = sourcecode.swift; path = ViewController.swift; sourceTree = "<group>"; };
		DEED30601FDB99D000BBF5C5 /* Base */ = {isa = PBXFileReference; lastKnownFileType = file.storyboard; name = Base; path = Base.lproj/Main.storyboard; sourceTree = "<group>"; };
		DEED30621FDB99D000BBF5C5 /* Assets.xcassets */ = {isa = PBXFileReference; lastKnownFileType = folder.assetcatalog; path = Assets.xcassets; sourceTree = "<group>"; };
		DEED30651FDB99D000BBF5C5 /* Base */ = {isa = PBXFileReference; lastKnownFileType = file.storyboard; name = Base; path = Base.lproj/LaunchScreen.storyboard; sourceTree = "<group>"; };
		DEED30671FDB99D000BBF5C5 /* Info.plist */ = {isa = PBXFileReference; lastKnownFileType = text.plist.xml; path = Info.plist; sourceTree = "<group>"; };
		DEED306E1FDB9A4E00BBF5C5 /* PlayingCard.swift */ = {isa = PBXFileReference; lastKnownFileType = sourcecode.swift; path = PlayingCard.swift; sourceTree = "<group>"; };
		DEED30701FDB9EE700BBF5C5 /* PlayingCardDeck.swift */ = {isa = PBXFileReference; lastKnownFileType = sourcecode.swift; path = PlayingCardDeck.swift; sourceTree = "<group>"; };
/* End PBXFileReference section */

/* Begin PBXFrameworksBuildPhase section */
		DEED30551FDB99D000BBF5C5 /* Frameworks */ = {
			isa = PBXFrameworksBuildPhase;
			buildActionMask = 2147483647;
			files = (
			);
			runOnlyForDeploymentPostprocessing = 0;
		};
/* End PBXFrameworksBuildPhase section */

/* Begin PBXGroup section */
		DEED304F1FDB99D000BBF5C5 = {
			isa = PBXGroup;
			children = (
				DEED305A1FDB99D000BBF5C5 /* PlayingCard */,
				DEED30591FDB99D000BBF5C5 /* Products */,
			);
			sourceTree = "<group>";
		};
		DEED30591FDB99D000BBF5C5 /* Products */ = {
			isa = PBXGroup;
			children = (
				DEED30581FDB99D000BBF5C5 /* PlayingCard.app */,
			);
			name = Products;
			sourceTree = "<group>";
		};
		DEED305A1FDB99D000BBF5C5 /* PlayingCard */ = {
			isa = PBXGroup;
			children = (
				DEED306D1FDB9A0300BBF5C5 /* Supporting_Files */,
				DEED306E1FDB9A4E00BBF5C5 /* PlayingCard.swift */,
				DEED30701FDB9EE700BBF5C5 /* PlayingCardDeck.swift */,
				DEED305D1FDB99D000BBF5C5 /* ViewController.swift */,
				DEED305F1FDB99D000BBF5C5 /* Main.storyboard */,
				DEED30621FDB99D000BBF5C5 /* Assets.xcassets */,
				DEED30671FDB99D000BBF5C5 /* Info.plist */,
			);
			path = PlayingCard;
			sourceTree = "<group>";
		};
		DEED306D1FDB9A0300BBF5C5 /* Supporting_Files */ = {
			isa = PBXGroup;
			children = (
				DEED305B1FDB99D000BBF5C5 /* AppDelegate.swift */,
				DEED30641FDB99D000BBF5C5 /* LaunchScreen.storyboard */,
			);
			path = Supporting_Files;
			sourceTree = "<group>";
		};
/* End PBXGroup section */

/* Begin PBXNativeTarget section */
		DEED30571FDB99D000BBF5C5 /* PlayingCard */ = {
			isa = PBXNativeTarget;
			buildConfigurationList = DEED306A1FDB99D000BBF5C5 /* Build configuration list for PBXNativeTarget "PlayingCard" */;
			buildPhases = (
				DEED30541FDB99D000BBF5C5 /* Sources */,
				DEED30551FDB99D000BBF5C5 /* Frameworks */,
				DEED30561FDB99D000BBF5C5 /* Resources */,
			);
			buildRules = (
			);
			dependencies = (
			);
			name = PlayingCard;
			productName = PlayingCard;
			productReference = DEED30581FDB99D000BBF5C5 /* PlayingCard.app */;
			productType = "com.apple.product-type.application";
		};
/* End PBXNativeTarget section */

/* Begin PBXProject section */
		DEED30501FDB99D000BBF5C5 /* Project object */ = {
			isa = PBXProject;
			attributes = {
				LastSwiftUpdateCheck = 0920;
				LastUpgradeCheck = 0920;
				ORGANIZATIONNAME = StanfordUniversity;
				TargetAttributes = {
					DEED30571FDB99D000BBF5C5 = {
						CreatedOnToolsVersion = 9.2;
						ProvisioningStyle = Automatic;
					};
				};
			};
			buildConfigurationList = DEED30531FDB99D000BBF5C5 /* Build configuration list for PBXProject "PlayingCard" */;
			compatibilityVersion = "Xcode 8.0";
			developmentRegion = en;
			hasScannedForEncodings = 0;
			knownRegions = (
				en,
				Base,
			);
			mainGroup = DEED304F1FDB99D000BBF5C5;
			productRefGroup = DEED30591FDB99D000BBF5C5 /* Products */;
			projectDirPath = "";
			projectRoot = "";
			targets = (
				DEED30571FDB99D000BBF5C5 /* PlayingCard */,
			);
		};
/* End PBXProject section */

/* Begin PBXResourcesBuildPhase section */
		DEED30561FDB99D000BBF5C5 /* Resources */ = {
			isa = PBXResourcesBuildPhase;
			buildActionMask = 2147483647;
			files = (
				DEED30661FDB99D000BBF5C5 /* LaunchScreen.storyboard in Resources */,
				DEED30631FDB99D000BBF5C5 /* Assets.xcassets in Resources */,
				DEED30611FDB99D000BBF5C5 /* Main.storyboard in Resources */,
			);
			runOnlyForDeploymentPostprocessing = 0;
		};
/* End PBXResourcesBuildPhase section */

/* Begin PBXSourcesBuildPhase section */
		DEED30541FDB99D000BBF5C5 /* Sources */ = {
			isa = PBXSourcesBuildPhase;
			buildActionMask = 2147483647;
			files = (
				DEED305E1FDB99D000BBF5C5 /* ViewController.swift in Sources */,
				DEED30711FDB9EE700BBF5C5 /* PlayingCardDeck.swift in Sources */,
				DEED306F1FDB9A4E00BBF5C5 /* PlayingCard.swift in Sources */,
				DEED305C1FDB99D000BBF5C5 /* AppDelegate.swift in Sources */,
			);
			runOnlyForDeploymentPostprocessing = 0;
		};
/* End PBXSourcesBuildPhase section */

/* Begin PBXVariantGroup section */
		DEED305F1FDB99D000BBF5C5 /* Main.storyboard */ = {
			isa = PBXVariantGroup;
			children = (
				DEED30601FDB99D000BBF5C5 /* Base */,
			);
			name = Main.storyboard;
			sourceTree = "<group>";
		};
		DEED30641FDB99D000BBF5C5 /* LaunchScreen.storyboard */ = {
			isa = PBXVariantGroup;
			children = (
				DEED30651FDB99D000BBF5C5 /* Base */,
			);
			name = LaunchScreen.storyboard;
			sourceTree = "<group>";
		};
/* End PBXVariantGroup section */

/* Begin XCBuildConfiguration section */
		DEED30681FDB99D000BBF5C5 /* Debug */ = {
			isa = XCBuildConfiguration;
			buildSettings = {
				ALWAYS_SEARCH_USER_PATHS = NO;
				CLANG_ANALYZER_NONNULL = YES;
				CLANG_ANALYZER_NUMBER_OBJECT_CONVERSION = YES_AGGRESSIVE;
				CLANG_CXX_LANGUAGE_STANDARD = "gnu++14";
				CLANG_CXX_LIBRARY = "libc++";
				CLANG_ENABLE_MODULES = YES;
				CLANG_ENABLE_OBJC_ARC = YES;
				CLANG_WARN_BLOCK_CAPTURE_AUTORELEASING = YES;
				CLANG_WARN_BOOL_CONVERSION = YES;
				CLANG_WARN_COMMA = YES;
				CLANG_WARN_CONSTANT_CONVERSION = YES;
				CLANG_WARN_DIRECT_OBJC_ISA_USAGE = YES_ERROR;
				CLANG_WARN_DOCUMENTATION_COMMENTS = YES;
				CLANG_WARN_EMPTY_BODY = YES;
				CLANG_WARN_ENUM_CONVERSION = YES;
				CLANG_WARN_INFINITE_RECURSION = YES;
				CLANG_WARN_INT_CONVERSION = YES;
				CLANG_WARN_NON_LITERAL_NULL_CONVERSION = YES;
				CLANG_WARN_OBJC_LITERAL_CONVERSION = YES;
				CLANG_WARN_OBJC_ROOT_CLASS = YES_ERROR;
				CLANG_WARN_RANGE_LOOP_ANALYSIS = YES;
				CLANG_WARN_STRICT_PROTOTYPES = YES;
				CLANG_WARN_SUSPICIOUS_MOVE = YES;
				CLANG_WARN_UNGUARDED_AVAILABILITY = YES_AGGRESSIVE;
				CLANG_WARN_UNREACHABLE_CODE = YES;
				CLANG_WARN__DUPLICATE_METHOD_MATCH = YES;
				CODE_SIGN_IDENTITY = "iPhone Developer";
				COPY_PHASE_STRIP = NO;
				DEBUG_INFORMATION_FORMAT = dwarf;
				ENABLE_STRICT_OBJC_MSGSEND = YES;
				ENABLE_TESTABILITY = YES;
				GCC_C_LANGUAGE_STANDARD = gnu11;
				GCC_DYNAMIC_NO_PIC = NO;
				GCC_NO_COMMON_BLOCKS = YES;
				GCC_OPTIMIZATION_LEVEL = 0;
				GCC_PREPROCESSOR_DEFINITIONS = (
					"DEBUG=1",
					"$(inherited)",
				);
				GCC_WARN_64_TO_32_BIT_CONVERSION = YES;
				GCC_WARN_ABOUT_RETURN_TYPE = YES_ERROR;
				GCC_WARN_UNDECLARED_SELECTOR = YES;
				GCC_WARN_UNINITIALIZED_AUTOS = YES_AGGRESSIVE;
				GCC_WARN_UNUSED_FUNCTION = YES;
				GCC_WARN_UNUSED_VARIABLE = YES;
				IPHONEOS_DEPLOYMENT_TARGET = 11.2;
				MTL_ENABLE_DEBUG_INFO = YES;
				ONLY_ACTIVE_ARCH = YES;
				SDKROOT = iphoneos;
				SWIFT_ACTIVE_COMPILATION_CONDITIONS = DEBUG;
				SWIFT_OPTIMIZATION_LEVEL = "-Onone";
			};
			name = Debug;
		};
		DEED30691FDB99D000BBF5C5 /* Release */ = {
			isa = XCBuildConfiguration;
			buildSettings = {
				ALWAYS_SEARCH_USER_PATHS = NO;
				CLANG_ANALYZER_NONNULL = YES;
				CLANG_ANALYZER_NUMBER_OBJECT_CONVERSION = YES_AGGRESSIVE;
				CLANG_CXX_LANGUAGE_STANDARD = "gnu++14";
				CLANG_CXX_LIBRARY = "libc++";
				CLANG_ENABLE_MODULES = YES;
				CLANG_ENABLE_OBJC_ARC = YES;
				CLANG_WARN_BLOCK_CAPTURE_AUTORELEASING = YES;
				CLANG_WARN_BOOL_CONVERSION = YES;
				CLANG_WARN_COMMA = YES;
				CLANG_WARN_CONSTANT_CONVERSION = YES;
				CLANG_WARN_DIRECT_OBJC_ISA_USAGE = YES_ERROR;
				CLANG_WARN_DOCUMENTATION_COMMENTS = YES;
				CLANG_WARN_EMPTY_BODY = YES;
				CLANG_WARN_ENUM_CONVERSION = YES;
				CLANG_WARN_INFINITE_RECURSION = YES;
				CLANG_WARN_INT_CONVERSION = YES;
				CLANG_WARN_NON_LITERAL_NULL_CONVERSION = YES;
				CLANG_WARN_OBJC_LITERAL_CONVERSION = YES;
				CLANG_WARN_OBJC_ROOT_CLASS = YES_ERROR;
				CLANG_WARN_RANGE_LOOP_ANALYSIS = YES;
				CLANG_WARN_STRICT_PROTOTYPES = YES;
				CLANG_WARN_SUSPICIOUS_MOVE = YES;
				CLANG_WARN_UNGUARDED_AVAILABILITY = YES_AGGRESSIVE;
				CLANG_WARN_UNREACHABLE_CODE = YES;
				CLANG_WARN__DUPLICATE_METHOD_MATCH = YES;
				CODE_SIGN_IDENTITY = "iPhone Developer";
				COPY_PHASE_STRIP = NO;
				DEBUG_INFORMATION_FORMAT = "dwarf-with-dsym";
				ENABLE_NS_ASSERTIONS = NO;
				ENABLE_STRICT_OBJC_MSGSEND = YES;
				GCC_C_LANGUAGE_STANDARD = gnu11;
				GCC_NO_COMMON_BLOCKS = YES;
				GCC_WARN_64_TO_32_BIT_CONVERSION = YES;
				GCC_WARN_ABOUT_RETURN_TYPE = YES_ERROR;
				GCC_WARN_UNDECLARED_SELECTOR = YES;
				GCC_WARN_UNINITIALIZED_AUTOS = YES_AGGRESSIVE;
				GCC_WARN_UNUSED_FUNCTION = YES;
				GCC_WARN_UNUSED_VARIABLE = YES;
				IPHONEOS_DEPLOYMENT_TARGET = 11.2;
				MTL_ENABLE_DEBUG_INFO = NO;
				SDKROOT = iphoneos;
				SWIFT_OPTIMIZATION_LEVEL = "-Owholemodule";
				VALIDATE_PRODUCT = YES;
			};
			name = Release;
		};
		DEED306B1FDB99D000BBF5C5 /* Debug */ = {
			isa = XCBuildConfiguration;
			buildSettings = {
				ASSETCATALOG_COMPILER_APPICON_NAME = AppIcon;
				CODE_SIGN_STYLE = Automatic;
				DEVELOPMENT_TEAM = Y38D7VG3CE;
				INFOPLIST_FILE = PlayingCard/Info.plist;
				LD_RUNPATH_SEARCH_PATHS = "$(inherited) @executable_path/Frameworks";
				PRODUCT_BUNDLE_IDENTIFIER = com.jeffreyjackovich.PlayingCard;
				PRODUCT_NAME = "$(TARGET_NAME)";
				SWIFT_VERSION = 4.0;
				TARGETED_DEVICE_FAMILY = "1,2";
			};
			name = Debug;
		};
		DEED306C1FDB99D000BBF5C5 /* Release */ = {
			isa = XCBuildConfiguration;
			buildSettings = {
				ASSETCATALOG_COMPILER_APPICON_NAME = AppIcon;
				CODE_SIGN_STYLE = Automatic;
				DEVELOPMENT_TEAM = Y38D7VG3CE;
				INFOPLIST_FILE = PlayingCard/Info.plist;
				LD_RUNPATH_SEARCH_PATHS = "$(inherited) @executable_path/Frameworks";
				PRODUCT_BUNDLE_IDENTIFIER = com.jeffreyjackovich.PlayingCard;
				PRODUCT_NAME = "$(TARGET_NAME)";
				SWIFT_VERSION = 4.0;
				TARGETED_DEVICE_FAMILY = "1,2";
			};
			name = Release;
		};
/* End XCBuildConfiguration section */

/* Begin XCConfigurationList section */
		DEED30531FDB99D000BBF5C5 /* Build configuration list for PBXProject "PlayingCard" */ = {
			isa = XCConfigurationList;
			buildConfigurations = (
				DEED30681FDB99D000BBF5C5 /* Debug */,
				DEED30691FDB99D000BBF5C5 /* Release */,
			);
			defaultConfigurationIsVisible = 0;
			defaultConfigurationName = Release;
		};
		DEED306A1FDB99D000BBF5C5 /* Build configuration list for PBXNativeTarget "PlayingCard" */ = {
			isa = XCConfigurationList;
			buildConfigurations = (
				DEED306B1FDB99D000BBF5C5 /* Debug */,
				DEED306C1FDB99D000BBF5C5 /* Release */,
			);
			defaultConfigurationIsVisible = 0;
			defaultConfigurationName = Release;
		};
/* End XCConfigurationList section */
	};
	rootObject = DEED30501FDB99D000BBF5C5 /* Project object */;
}
